
Microsoft Visual Studio Solution File, Format Version 12.00
# Visual Studio Version 16
VisualStudioVersion = 16.0.29102.190
MinimumVisualStudioVersion = 10.0.40219.1
Project("{FAE04EC0-301F-11D3-BF4B-00C04F79EFBC}") = "IceWall Random", "IceWall Random.csproj", "{874A110A-73E6-44D3-9F58-5977399BC733}"
EndProject
Global
	GlobalSection(SolutionConfigurationPlatforms) = preSolution
		Debug|Any CPU = Debug|Any CPU
		Release|Any CPU = Release|Any CPU
	EndGlobalSection
	GlobalSection(ProjectConfigurationPlatforms) = postSolution
		{874A110A-73E6-44D3-9F58-5977399BC733}.Debug|Any CPU.ActiveCfg = Debug|Any CPU
		{874A110A-73E6-44D3-9F58-5977399BC733}.Debug|Any CPU.Build.0 = Debug|Any CPU
		{874A110A-73E6-44D3-9F58-5977399BC733}.Release|Any CPU.ActiveCfg = Release|Any CPU
		{874A110A-73E6-44D3-9F58-5977399BC733}.Release|Any CPU.Build.0 = Release|Any CPU
	EndGlobalSection
	GlobalSection(SolutionProperties) = preSolution
		HideSolutionNode = FALSE
	EndGlobalSection
	GlobalSection(ExtensibilityGlobals) = postSolution
		SolutionGuid = {3A227957-9ADF-42C4-A478-C53D657E3057}
	EndGlobalSection
EndGlobal
